
Microsoft Visual Studio Solution File, Format Version 12.00
# Visual Studio Version 17
VisualStudioVersion = 17.1.32210.238
MinimumVisualStudioVersion = 10.0.40219.1
Project("{FAE04EC0-301F-11D3-BF4B-00C04F79EFBC}") = "SettlementManager.API", "SettlementManager.API\SettlementManager.API.csproj", "{2CAAF2A4-EF85-4BC3-A3AB-29885CC8EBDC}"
EndProject
Project("{FAE04EC0-301F-11D3-BF4B-00C04F79EFBC}") = "SettlementManager.Repository", "SettlementManager.Repository\SettlementManager.Repository.csproj", "{5B4D175B-98F5-410E-A6A6-7C46FDAA084B}"
EndProject
Project("{FAE04EC0-301F-11D3-BF4B-00C04F79EFBC}") = "SettlementManager.Service", "SettlementManager.Service\SettlementManager.Service.csproj", "{AB1D0088-8DF8-498A-9002-ACFB152DEFD1}"
EndProject
Project("{FAE04EC0-301F-11D3-BF4B-00C04F79EFBC}") = "SettlementManager.Contract", "SettlementManager.Contract\SettlementManager.Contract.csproj", "{20DFF5CD-C8AF-4B03-9917-C937E87EEE18}"
EndProject
Project("{FAE04EC0-301F-11D3-BF4B-00C04F79EFBC}") = "SettlementManager.Messaging", "SettlementManager.Messaging\SettlementManager.Messaging.csproj", "{F64E4082-E5D6-4CA1-9A3A-8A1CBD1186D2}"
EndProject
Project("{FAE04EC0-301F-11D3-BF4B-00C04F79EFBC}") = "SettlementManager.Model", "SettlementManager.Model\SettlementManager.Model.csproj", "{F59E4954-5758-4E83-91B6-8670B807DE90}"
EndProject
Project("{FAE04EC0-301F-11D3-BF4B-00C04F79EFBC}") = "SettlementManager.Web", "SettlementManager.Web\SettlementManager.Web.csproj", "{C80D16A9-C247-4AB2-A341-A16A107D0106}"
EndProject
Global
	GlobalSection(SolutionConfigurationPlatforms) = preSolution
		Debug|Any CPU = Debug|Any CPU
		Release|Any CPU = Release|Any CPU
	EndGlobalSection
	GlobalSection(ProjectConfigurationPlatforms) = postSolution
		{2CAAF2A4-EF85-4BC3-A3AB-29885CC8EBDC}.Debug|Any CPU.ActiveCfg = Debug|Any CPU
		{2CAAF2A4-EF85-4BC3-A3AB-29885CC8EBDC}.Debug|Any CPU.Build.0 = Debug|Any CPU
		{2CAAF2A4-EF85-4BC3-A3AB-29885CC8EBDC}.Release|Any CPU.ActiveCfg = Release|Any CPU
		{2CAAF2A4-EF85-4BC3-A3AB-29885CC8EBDC}.Release|Any CPU.Build.0 = Release|Any CPU
		{5B4D175B-98F5-410E-A6A6-7C46FDAA084B}.Debug|Any CPU.ActiveCfg = Debug|Any CPU
		{5B4D175B-98F5-410E-A6A6-7C46FDAA084B}.Debug|Any CPU.Build.0 = Debug|Any CPU
		{5B4D175B-98F5-410E-A6A6-7C46FDAA084B}.Release|Any CPU.ActiveCfg = Release|Any CPU
		{5B4D175B-98F5-410E-A6A6-7C46FDAA084B}.Release|Any CPU.Build.0 = Release|Any CPU
		{AB1D0088-8DF8-498A-9002-ACFB152DEFD1}.Debug|Any CPU.ActiveCfg = Debug|Any CPU
		{AB1D0088-8DF8-498A-9002-ACFB152DEFD1}.Debug|Any CPU.Build.0 = Debug|Any CPU
		{AB1D0088-8DF8-498A-9002-ACFB152DEFD1}.Release|Any CPU.ActiveCfg = Release|Any CPU
		{AB1D0088-8DF8-498A-9002-ACFB152DEFD1}.Release|Any CPU.Build.0 = Release|Any CPU
		{20DFF5CD-C8AF-4B03-9917-C937E87EEE18}.Debug|Any CPU.ActiveCfg = Debug|Any CPU
		{20DFF5CD-C8AF-4B03-9917-C937E87EEE18}.Debug|Any CPU.Build.0 = Debug|Any CPU
		{20DFF5CD-C8AF-4B03-9917-C937E87EEE18}.Release|Any CPU.ActiveCfg = Release|Any CPU
		{20DFF5CD-C8AF-4B03-9917-C937E87EEE18}.Release|Any CPU.Build.0 = Release|Any CPU
		{F64E4082-E5D6-4CA1-9A3A-8A1CBD1186D2}.Debug|Any CPU.ActiveCfg = Debug|Any CPU
		{F64E4082-E5D6-4CA1-9A3A-8A1CBD1186D2}.Debug|Any CPU.Build.0 = Debug|Any CPU
		{F64E4082-E5D6-4CA1-9A3A-8A1CBD1186D2}.Release|Any CPU.ActiveCfg = Release|Any CPU
		{F64E4082-E5D6-4CA1-9A3A-8A1CBD1186D2}.Release|Any CPU.Build.0 = Release|Any CPU
		{F59E4954-5758-4E83-91B6-8670B807DE90}.Debug|Any CPU.ActiveCfg = Debug|Any CPU
		{F59E4954-5758-4E83-91B6-8670B807DE90}.Debug|Any CPU.Build.0 = Debug|Any CPU
		{F59E4954-5758-4E83-91B6-8670B807DE90}.Release|Any CPU.ActiveCfg = Release|Any CPU
		{F59E4954-5758-4E83-91B6-8670B807DE90}.Release|Any CPU.Build.0 = Release|Any CPU
		{C80D16A9-C247-4AB2-A341-A16A107D0106}.Debug|Any CPU.ActiveCfg = Debug|Any CPU
		{C80D16A9-C247-4AB2-A341-A16A107D0106}.Debug|Any CPU.Build.0 = Debug|Any CPU
		{C80D16A9-C247-4AB2-A341-A16A107D0106}.Release|Any CPU.ActiveCfg = Release|Any CPU
		{C80D16A9-C247-4AB2-A341-A16A107D0106}.Release|Any CPU.Build.0 = Release|Any CPU
	EndGlobalSection
	GlobalSection(SolutionProperties) = preSolution
		HideSolutionNode = FALSE
	EndGlobalSection
	GlobalSection(ExtensibilityGlobals) = postSolution
		SolutionGuid = {A2DA4010-A494-48B1-BBEF-C4380395675D}
	EndGlobalSection
EndGlobal
